
Microsoft Visual Studio Solution File, Format Version 12.00
# Visual Studio Version 17
VisualStudioVersion = 17.9.34701.34
MinimumVisualStudioVersion = 10.0.40219.1
Project("{FAE04EC0-301F-11D3-BF4B-00C04F79EFBC}") = "LibraryServer.API", "LibraryServer.API\LibraryServer.API.csproj", "{282D290B-2E89-4DBB-AFE5-A35C421727EF}"
EndProject
Global
	GlobalSection(SolutionConfigurationPlatforms) = preSolution
		Debug|Any CPU = Debug|Any CPU
		Release|Any CPU = Release|Any CPU
	EndGlobalSection
	GlobalSection(ProjectConfigurationPlatforms) = postSolution
		{282D290B-2E89-4DBB-AFE5-A35C421727EF}.Debug|Any CPU.ActiveCfg = Debug|Any CPU
		{282D290B-2E89-4DBB-AFE5-A35C421727EF}.Debug|Any CPU.Build.0 = Debug|Any CPU
		{282D290B-2E89-4DBB-AFE5-A35C421727EF}.Release|Any CPU.ActiveCfg = Release|Any CPU
		{282D290B-2E89-4DBB-AFE5-A35C421727EF}.Release|Any CPU.Build.0 = Release|Any CPU
	EndGlobalSection
	GlobalSection(SolutionProperties) = preSolution
		HideSolutionNode = FALSE
	EndGlobalSection
	GlobalSection(ExtensibilityGlobals) = postSolution
		SolutionGuid = {03F32E11-C9B8-4430-BDC6-E5DD97E2C0BB}
	EndGlobalSection
EndGlobal
